{
  "originHash" : "a75b0e5287252b309baab7ac389d0b24c4da85dd7fba4e53c3f28752e2abe8ce",
  "pins" : [
    {
      "identity" : "realm-cocoa",
      "kind" : "remoteSourceControl",
      "location" : "https://github.com/realm/realm-cocoa",
      "state" : {
        "branch" : "master",
        "revision" : "c21605e847fc76f66c9d4c49ad0799c26d72edd4"
      }
    },
    {
      "identity" : "realm-core",
      "kind" : "remoteSourceControl",
      "location" : "https://github.com/realm/realm-core.git",
      "state" : {
        "revision" : "b36f2436c2746c32b1f93dcc06ea8b859671a767",
        "version" : "14.12.1"
      }
    }
  ],
  "version" : 3
}
